
Microsoft Visual Studio Solution File, Format Version 12.00
# Visual Studio Version 16
VisualStudioVersion = 16.0.30503.244
MinimumVisualStudioVersion = 10.0.40219.1
Project("{9A19103F-16F7-4668-BE54-9A1E7A4F7556}") = "Logic", "Logic\Logic.csproj", "{F53053A1-392B-4B57-A40E-8915E1E01F10}"
EndProject
Project("{9A19103F-16F7-4668-BE54-9A1E7A4F7556}") = "DAL", "DAL\DAL.csproj", "{71A50EF1-225C-4C75-965F-97E68E93EF51}"
	ProjectSection(ProjectDependencies) = postProject
		{F53053A1-392B-4B57-A40E-8915E1E01F10} = {F53053A1-392B-4B57-A40E-8915E1E01F10}
	EndProjectSection
EndProject
Project("{9A19103F-16F7-4668-BE54-9A1E7A4F7556}") = "View", "View\View.csproj", "{1BE1F2E3-134B-4351-9154-80FAF14B7EBB}"
EndProject
Project("{FAE04EC0-301F-11D3-BF4B-00C04F79EFBC}") = "Testen", "Testen\Testen.csproj", "{A5B9F299-CB01-4CE7-9F57-062EAB20CED5}"
EndProject
Global
	GlobalSection(SolutionConfigurationPlatforms) = preSolution
		Debug|Any CPU = Debug|Any CPU
		Release|Any CPU = Release|Any CPU
	EndGlobalSection
	GlobalSection(ProjectConfigurationPlatforms) = postSolution
		{F53053A1-392B-4B57-A40E-8915E1E01F10}.Debug|Any CPU.ActiveCfg = Debug|Any CPU
		{F53053A1-392B-4B57-A40E-8915E1E01F10}.Debug|Any CPU.Build.0 = Debug|Any CPU
		{F53053A1-392B-4B57-A40E-8915E1E01F10}.Release|Any CPU.ActiveCfg = Release|Any CPU
		{F53053A1-392B-4B57-A40E-8915E1E01F10}.Release|Any CPU.Build.0 = Release|Any CPU
		{71A50EF1-225C-4C75-965F-97E68E93EF51}.Debug|Any CPU.ActiveCfg = Debug|Any CPU
		{71A50EF1-225C-4C75-965F-97E68E93EF51}.Debug|Any CPU.Build.0 = Debug|Any CPU
		{71A50EF1-225C-4C75-965F-97E68E93EF51}.Release|Any CPU.ActiveCfg = Release|Any CPU
		{71A50EF1-225C-4C75-965F-97E68E93EF51}.Release|Any CPU.Build.0 = Release|Any CPU
		{1BE1F2E3-134B-4351-9154-80FAF14B7EBB}.Debug|Any CPU.ActiveCfg = Debug|Any CPU
		{1BE1F2E3-134B-4351-9154-80FAF14B7EBB}.Debug|Any CPU.Build.0 = Debug|Any CPU
		{1BE1F2E3-134B-4351-9154-80FAF14B7EBB}.Release|Any CPU.ActiveCfg = Release|Any CPU
		{1BE1F2E3-134B-4351-9154-80FAF14B7EBB}.Release|Any CPU.Build.0 = Release|Any CPU
		{A5B9F299-CB01-4CE7-9F57-062EAB20CED5}.Debug|Any CPU.ActiveCfg = Debug|Any CPU
		{A5B9F299-CB01-4CE7-9F57-062EAB20CED5}.Debug|Any CPU.Build.0 = Debug|Any CPU
		{A5B9F299-CB01-4CE7-9F57-062EAB20CED5}.Release|Any CPU.ActiveCfg = Release|Any CPU
		{A5B9F299-CB01-4CE7-9F57-062EAB20CED5}.Release|Any CPU.Build.0 = Release|Any CPU
	EndGlobalSection
	GlobalSection(SolutionProperties) = preSolution
		HideSolutionNode = FALSE
	EndGlobalSection
	GlobalSection(ExtensibilityGlobals) = postSolution
		SolutionGuid = {56BAC120-0717-48E7-A468-018070F176C9}
	EndGlobalSection
EndGlobal
